
Microsoft Visual Studio Solution File, Format Version 12.00
# Visual Studio Version 16
VisualStudioVersion = 25.0.1700.6
MinimumVisualStudioVersion = 10.0.40219.1
Project("{FAE04EC0-301F-11D3-BF4B-00C04F79EFBC}") = "NUnit-TestingBot-Sample", "NUnit-TestingBot-Sample\NUnit-TestingBot-Sample.csproj", "{02FA9D38-D908-40FE-9372-5B752C6B7684}"
EndProject
Global
	GlobalSection(SolutionConfigurationPlatforms) = preSolution
		Debug|Any CPU = Debug|Any CPU
		Release|Any CPU = Release|Any CPU
	EndGlobalSection
	GlobalSection(ProjectConfigurationPlatforms) = postSolution
		{02FA9D38-D908-40FE-9372-5B752C6B7684}.Debug|Any CPU.ActiveCfg = Debug|Any CPU
		{02FA9D38-D908-40FE-9372-5B752C6B7684}.Debug|Any CPU.Build.0 = Debug|Any CPU
		{02FA9D38-D908-40FE-9372-5B752C6B7684}.Release|Any CPU.ActiveCfg = Release|Any CPU
		{02FA9D38-D908-40FE-9372-5B752C6B7684}.Release|Any CPU.Build.0 = Release|Any CPU
	EndGlobalSection
	GlobalSection(SolutionProperties) = preSolution
		HideSolutionNode = FALSE
	EndGlobalSection
	GlobalSection(ExtensibilityGlobals) = postSolution
		SolutionGuid = {FD1FBD8B-F86C-437E-957A-11F2731903CD}
	EndGlobalSection
EndGlobal
